
Microsoft Visual Studio Solution File, Format Version 12.00
# Visual Studio 15
VisualStudioVersion = 15.0.27130.2027
MinimumVisualStudioVersion = 10.0.40219.1
Project("{FAE04EC0-301F-11D3-BF4B-00C04F79EFBC}") = "Redis-Benchmark", "Redis-Benchmark\Redis-Benchmark.csproj", "{0090F175-1E26-4010-AFC7-022EEA97F034}"
EndProject
Global
	GlobalSection(SolutionConfigurationPlatforms) = preSolution
		Debug|Any CPU = Debug|Any CPU
		Log Output|Any CPU = Log Output|Any CPU
		Mono|Any CPU = Mono|Any CPU
		Release|Any CPU = Release|Any CPU
		Verbose|Any CPU = Verbose|Any CPU
	EndGlobalSection
	GlobalSection(ProjectConfigurationPlatforms) = postSolution
		{0090F175-1E26-4010-AFC7-022EEA97F034}.Debug|Any CPU.ActiveCfg = Debug|Any CPU
		{0090F175-1E26-4010-AFC7-022EEA97F034}.Debug|Any CPU.Build.0 = Debug|Any CPU
		{0090F175-1E26-4010-AFC7-022EEA97F034}.Log Output|Any CPU.ActiveCfg = Release|Any CPU
		{0090F175-1E26-4010-AFC7-022EEA97F034}.Log Output|Any CPU.Build.0 = Release|Any CPU
		{0090F175-1E26-4010-AFC7-022EEA97F034}.Mono|Any CPU.ActiveCfg = Release|Any CPU
		{0090F175-1E26-4010-AFC7-022EEA97F034}.Mono|Any CPU.Build.0 = Release|Any CPU
		{0090F175-1E26-4010-AFC7-022EEA97F034}.Release|Any CPU.ActiveCfg = Release|Any CPU
		{0090F175-1E26-4010-AFC7-022EEA97F034}.Release|Any CPU.Build.0 = Release|Any CPU
		{0090F175-1E26-4010-AFC7-022EEA97F034}.Verbose|Any CPU.ActiveCfg = Release|Any CPU
		{0090F175-1E26-4010-AFC7-022EEA97F034}.Verbose|Any CPU.Build.0 = Release|Any CPU
	EndGlobalSection
	GlobalSection(SolutionProperties) = preSolution
		HideSolutionNode = FALSE
	EndGlobalSection
	GlobalSection(ExtensibilityGlobals) = postSolution
		SolutionGuid = {D47ACA6F-DE45-41AC-B8C0-68DC6817B2E3}
	EndGlobalSection
	GlobalSection(Performance) = preSolution
		HasPerformanceSessions = true
	EndGlobalSection
EndGlobal
